
Microsoft Visual Studio Solution File, Format Version 12.00
# Visual Studio 15
VisualStudioVersion = 15.0.27004.2002
MinimumVisualStudioVersion = 15.0.26124.0
Project("{FAE04EC0-301F-11D3-BF4B-00C04F79EFBC}") = "libragri.authentication.api", "libragri.authentication.api\libragri.authentication.api.csproj", "{470C77A2-CACD-4A86-8C07-32C589128DE2}"
EndProject
Project("{FAE04EC0-301F-11D3-BF4B-00C04F79EFBC}") = "libragri.authentication.repository.mongodb", "libragri.authentication.repository.mongodb\libragri.authentication.repository.mongodb.csproj", "{45D2A038-0410-4F40-9173-68710FE9A49C}"
EndProject
Project("{FAE04EC0-301F-11D3-BF4B-00C04F79EFBC}") = "libragri.authentication.repository.interfaces", "libragri.authentication.repository.interfaces\libragri.authentication.repository.interfaces.csproj", "{F9D808BC-1DF4-46BC-AFD8-6E5046AA189B}"
EndProject
Project("{FAE04EC0-301F-11D3-BF4B-00C04F79EFBC}") = "libragri.core.repository", "libragri.core\libragri.core.repository\libragri.core.repository.csproj", "{EF621753-8C41-49EA-9FE1-B03D09A080CF}"
EndProject
Project("{FAE04EC0-301F-11D3-BF4B-00C04F79EFBC}") = "libragri.authentication.model", "libragri.authentication.model\libragri.authentication.model.csproj", "{73A2C97D-F5A1-44E4-BA8A-7408F2C1E7C9}"
EndProject
Project("{FAE04EC0-301F-11D3-BF4B-00C04F79EFBC}") = "libragri.authentication.service.interfaces", "libragri.authentication.service.interfaces\libragri.authentication.service.interfaces.csproj", "{DD8AAB0F-F21E-4141-A920-57F51E5C6655}"
EndProject
Project("{FAE04EC0-301F-11D3-BF4B-00C04F79EFBC}") = "libragri.authentication.service.impl", "libragri.authentication.service.impl\libragri.authentication.service.impl.csproj", "{E8A34140-606D-4AF7-AAF8-D1450EB5BE07}"
EndProject
Project("{FAE04EC0-301F-11D3-BF4B-00C04F79EFBC}") = "libragri.authentication.repository.inmemory", "libragri.authentication.repository.inmemory\libragri.authentication.repository.inmemory.csproj", "{86FB30B9-5E78-49CA-A022-23E7D5D3198C}"
EndProject
Project("{FAE04EC0-301F-11D3-BF4B-00C04F79EFBC}") = "libragri.core.common", "libragri.core\libragri.core.common\libragri.core.common.csproj", "{1A2AB85F-15C3-4134-8C0A-DE3E3B8A25E9}"
EndProject
Project("{FAE04EC0-301F-11D3-BF4B-00C04F79EFBC}") = "libragri.core.webapi", "libragri.core\libragri.core.webapi\libragri.core.webapi.csproj", "{76FDD063-E8B7-4906-974C-A4D29330FDB5}"
EndProject
Project("{2150E333-8FDC-42A3-9474-1A3956D46DE8}") = "libragri.core", "libragri.core", "{CEDB3D6B-5F41-4177-AAED-4E4EDAFEBB51}"
EndProject
Project("{FAE04EC0-301F-11D3-BF4B-00C04F79EFBC}") = "libragri.core.repository.inmemorydb", "libragri.core\libragri.core.repository.inmemorydb\libragri.core.repository.inmemorydb.csproj", "{86D140E8-E83D-4FFB-9901-0281CE1A58A3}"
EndProject
Project("{FAE04EC0-301F-11D3-BF4B-00C04F79EFBC}") = "libragri.core.repository.mongodb", "libragri.core\libragri.core.repository.mongodb\libragri.core.repository.mongodb.csproj", "{EF06DDBC-5154-4492-8210-71AC8797BCA1}"
EndProject
Project("{FAE04EC0-301F-11D3-BF4B-00C04F79EFBC}") = "libragri.core.specification", "libragri.core\libragri.core.specification\libragri.core.specification.csproj", "{921B39FE-945A-4BEC-A2B0-1949F3AB4A1B}"
EndProject
Project("{FAE04EC0-301F-11D3-BF4B-00C04F79EFBC}") = "libragri.authentication.specification", "libragri.authentication.specification\libragri.authentication.specification.csproj", "{82145C79-4D73-4D4D-B10C-8859ACD969E9}"
EndProject
Global
	GlobalSection(SolutionProperties) = preSolution
		HideSolutionNode = FALSE
	EndGlobalSection
	GlobalSection(NestedProjects) = preSolution
		{86D140E8-E83D-4FFB-9901-0281CE1A58A3} = {CEDB3D6B-5F41-4177-AAED-4E4EDAFEBB51}
		{EF06DDBC-5154-4492-8210-71AC8797BCA1} = {CEDB3D6B-5F41-4177-AAED-4E4EDAFEBB51}
		{921B39FE-945A-4BEC-A2B0-1949F3AB4A1B} = {CEDB3D6B-5F41-4177-AAED-4E4EDAFEBB51}
	EndGlobalSection
	GlobalSection(ExtensibilityGlobals) = postSolution
		SolutionGuid = {4C4DA022-21ED-4C91-8C91-ECBA5FB7F9B0}
	EndGlobalSection
	GlobalSection(SolutionConfigurationPlatforms) = preSolution
		Debug|Any CPU = Debug|Any CPU
		Debug|x64 = Debug|x64
		Debug|x86 = Debug|x86
		Release|Any CPU = Release|Any CPU
		Release|x64 = Release|x64
		Release|x86 = Release|x86
	EndGlobalSection
	GlobalSection(ProjectConfigurationPlatforms) = postSolution
		{470C77A2-CACD-4A86-8C07-32C589128DE2}.Debug|Any CPU.ActiveCfg = Debug|Any CPU
		{470C77A2-CACD-4A86-8C07-32C589128DE2}.Debug|Any CPU.Build.0 = Debug|Any CPU
		{470C77A2-CACD-4A86-8C07-32C589128DE2}.Debug|x64.ActiveCfg = Debug|x64
		{470C77A2-CACD-4A86-8C07-32C589128DE2}.Debug|x64.Build.0 = Debug|x64
		{470C77A2-CACD-4A86-8C07-32C589128DE2}.Debug|x86.ActiveCfg = Debug|x86
		{470C77A2-CACD-4A86-8C07-32C589128DE2}.Debug|x86.Build.0 = Debug|x86
		{470C77A2-CACD-4A86-8C07-32C589128DE2}.Release|Any CPU.ActiveCfg = Release|Any CPU
		{470C77A2-CACD-4A86-8C07-32C589128DE2}.Release|Any CPU.Build.0 = Release|Any CPU
		{470C77A2-CACD-4A86-8C07-32C589128DE2}.Release|x64.ActiveCfg = Release|x64
		{470C77A2-CACD-4A86-8C07-32C589128DE2}.Release|x64.Build.0 = Release|x64
		{470C77A2-CACD-4A86-8C07-32C589128DE2}.Release|x86.ActiveCfg = Release|x86
		{470C77A2-CACD-4A86-8C07-32C589128DE2}.Release|x86.Build.0 = Release|x86
		{45D2A038-0410-4F40-9173-68710FE9A49C}.Debug|Any CPU.ActiveCfg = Debug|Any CPU
		{45D2A038-0410-4F40-9173-68710FE9A49C}.Debug|Any CPU.Build.0 = Debug|Any CPU
		{45D2A038-0410-4F40-9173-68710FE9A49C}.Debug|x64.ActiveCfg = Debug|x64
		{45D2A038-0410-4F40-9173-68710FE9A49C}.Debug|x64.Build.0 = Debug|x64
		{45D2A038-0410-4F40-9173-68710FE9A49C}.Debug|x86.ActiveCfg = Debug|x86
		{45D2A038-0410-4F40-9173-68710FE9A49C}.Debug|x86.Build.0 = Debug|x86
		{45D2A038-0410-4F40-9173-68710FE9A49C}.Release|Any CPU.ActiveCfg = Release|Any CPU
		{45D2A038-0410-4F40-9173-68710FE9A49C}.Release|Any CPU.Build.0 = Release|Any CPU
		{45D2A038-0410-4F40-9173-68710FE9A49C}.Release|x64.ActiveCfg = Release|x64
		{45D2A038-0410-4F40-9173-68710FE9A49C}.Release|x64.Build.0 = Release|x64
		{45D2A038-0410-4F40-9173-68710FE9A49C}.Release|x86.ActiveCfg = Release|x86
		{45D2A038-0410-4F40-9173-68710FE9A49C}.Release|x86.Build.0 = Release|x86
		{F9D808BC-1DF4-46BC-AFD8-6E5046AA189B}.Debug|Any CPU.ActiveCfg = Debug|Any CPU
		{F9D808BC-1DF4-46BC-AFD8-6E5046AA189B}.Debug|Any CPU.Build.0 = Debug|Any CPU
		{F9D808BC-1DF4-46BC-AFD8-6E5046AA189B}.Debug|x64.ActiveCfg = Debug|x64
		{F9D808BC-1DF4-46BC-AFD8-6E5046AA189B}.Debug|x64.Build.0 = Debug|x64
		{F9D808BC-1DF4-46BC-AFD8-6E5046AA189B}.Debug|x86.ActiveCfg = Debug|x86
		{F9D808BC-1DF4-46BC-AFD8-6E5046AA189B}.Debug|x86.Build.0 = Debug|x86
		{F9D808BC-1DF4-46BC-AFD8-6E5046AA189B}.Release|Any CPU.ActiveCfg = Release|Any CPU
		{F9D808BC-1DF4-46BC-AFD8-6E5046AA189B}.Release|Any CPU.Build.0 = Release|Any CPU
		{F9D808BC-1DF4-46BC-AFD8-6E5046AA189B}.Release|x64.ActiveCfg = Release|x64
		{F9D808BC-1DF4-46BC-AFD8-6E5046AA189B}.Release|x64.Build.0 = Release|x64
		{F9D808BC-1DF4-46BC-AFD8-6E5046AA189B}.Release|x86.ActiveCfg = Release|x86
		{F9D808BC-1DF4-46BC-AFD8-6E5046AA189B}.Release|x86.Build.0 = Release|x86
		{EF621753-8C41-49EA-9FE1-B03D09A080CF}.Debug|Any CPU.ActiveCfg = Debug|Any CPU
		{EF621753-8C41-49EA-9FE1-B03D09A080CF}.Debug|Any CPU.Build.0 = Debug|Any CPU
		{EF621753-8C41-49EA-9FE1-B03D09A080CF}.Debug|x64.ActiveCfg = Debug|x64
		{EF621753-8C41-49EA-9FE1-B03D09A080CF}.Debug|x64.Build.0 = Debug|x64
		{EF621753-8C41-49EA-9FE1-B03D09A080CF}.Debug|x86.ActiveCfg = Debug|x86
		{EF621753-8C41-49EA-9FE1-B03D09A080CF}.Debug|x86.Build.0 = Debug|x86
		{EF621753-8C41-49EA-9FE1-B03D09A080CF}.Release|Any CPU.ActiveCfg = Release|Any CPU
		{EF621753-8C41-49EA-9FE1-B03D09A080CF}.Release|Any CPU.Build.0 = Release|Any CPU
		{EF621753-8C41-49EA-9FE1-B03D09A080CF}.Release|x64.ActiveCfg = Release|x64
		{EF621753-8C41-49EA-9FE1-B03D09A080CF}.Release|x64.Build.0 = Release|x64
		{EF621753-8C41-49EA-9FE1-B03D09A080CF}.Release|x86.ActiveCfg = Release|x86
		{EF621753-8C41-49EA-9FE1-B03D09A080CF}.Release|x86.Build.0 = Release|x86
		{73A2C97D-F5A1-44E4-BA8A-7408F2C1E7C9}.Debug|Any CPU.ActiveCfg = Debug|Any CPU
		{73A2C97D-F5A1-44E4-BA8A-7408F2C1E7C9}.Debug|Any CPU.Build.0 = Debug|Any CPU
		{73A2C97D-F5A1-44E4-BA8A-7408F2C1E7C9}.Debug|x64.ActiveCfg = Debug|x64
		{73A2C97D-F5A1-44E4-BA8A-7408F2C1E7C9}.Debug|x64.Build.0 = Debug|x64
		{73A2C97D-F5A1-44E4-BA8A-7408F2C1E7C9}.Debug|x86.ActiveCfg = Debug|x86
		{73A2C97D-F5A1-44E4-BA8A-7408F2C1E7C9}.Debug|x86.Build.0 = Debug|x86
		{73A2C97D-F5A1-44E4-BA8A-7408F2C1E7C9}.Release|Any CPU.ActiveCfg = Release|Any CPU
		{73A2C97D-F5A1-44E4-BA8A-7408F2C1E7C9}.Release|Any CPU.Build.0 = Release|Any CPU
		{73A2C97D-F5A1-44E4-BA8A-7408F2C1E7C9}.Release|x64.ActiveCfg = Release|x64
		{73A2C97D-F5A1-44E4-BA8A-7408F2C1E7C9}.Release|x64.Build.0 = Release|x64
		{73A2C97D-F5A1-44E4-BA8A-7408F2C1E7C9}.Release|x86.ActiveCfg = Release|x86
		{73A2C97D-F5A1-44E4-BA8A-7408F2C1E7C9}.Release|x86.Build.0 = Release|x86
		{DD8AAB0F-F21E-4141-A920-57F51E5C6655}.Debug|Any CPU.ActiveCfg = Debug|Any CPU
		{DD8AAB0F-F21E-4141-A920-57F51E5C6655}.Debug|Any CPU.Build.0 = Debug|Any CPU
		{DD8AAB0F-F21E-4141-A920-57F51E5C6655}.Debug|x64.ActiveCfg = Debug|x64
		{DD8AAB0F-F21E-4141-A920-57F51E5C6655}.Debug|x64.Build.0 = Debug|x64
		{DD8AAB0F-F21E-4141-A920-57F51E5C6655}.Debug|x86.ActiveCfg = Debug|x86
		{DD8AAB0F-F21E-4141-A920-57F51E5C6655}.Debug|x86.Build.0 = Debug|x86
		{DD8AAB0F-F21E-4141-A920-57F51E5C6655}.Release|Any CPU.ActiveCfg = Release|Any CPU
		{DD8AAB0F-F21E-4141-A920-57F51E5C6655}.Release|Any CPU.Build.0 = Release|Any CPU
		{DD8AAB0F-F21E-4141-A920-57F51E5C6655}.Release|x64.ActiveCfg = Release|x64
		{DD8AAB0F-F21E-4141-A920-57F51E5C6655}.Release|x64.Build.0 = Release|x64
		{DD8AAB0F-F21E-4141-A920-57F51E5C6655}.Release|x86.ActiveCfg = Release|x86
		{DD8AAB0F-F21E-4141-A920-57F51E5C6655}.Release|x86.Build.0 = Release|x86
		{E8A34140-606D-4AF7-AAF8-D1450EB5BE07}.Debug|Any CPU.ActiveCfg = Debug|Any CPU
		{E8A34140-606D-4AF7-AAF8-D1450EB5BE07}.Debug|Any CPU.Build.0 = Debug|Any CPU
		{E8A34140-606D-4AF7-AAF8-D1450EB5BE07}.Debug|x64.ActiveCfg = Debug|x64
		{E8A34140-606D-4AF7-AAF8-D1450EB5BE07}.Debug|x64.Build.0 = Debug|x64
		{E8A34140-606D-4AF7-AAF8-D1450EB5BE07}.Debug|x86.ActiveCfg = Debug|x86
		{E8A34140-606D-4AF7-AAF8-D1450EB5BE07}.Debug|x86.Build.0 = Debug|x86
		{E8A34140-606D-4AF7-AAF8-D1450EB5BE07}.Release|Any CPU.ActiveCfg = Release|Any CPU
		{E8A34140-606D-4AF7-AAF8-D1450EB5BE07}.Release|Any CPU.Build.0 = Release|Any CPU
		{E8A34140-606D-4AF7-AAF8-D1450EB5BE07}.Release|x64.ActiveCfg = Release|x64
		{E8A34140-606D-4AF7-AAF8-D1450EB5BE07}.Release|x64.Build.0 = Release|x64
		{E8A34140-606D-4AF7-AAF8-D1450EB5BE07}.Release|x86.ActiveCfg = Release|x86
		{E8A34140-606D-4AF7-AAF8-D1450EB5BE07}.Release|x86.Build.0 = Release|x86
		{86FB30B9-5E78-49CA-A022-23E7D5D3198C}.Debug|Any CPU.ActiveCfg = Debug|Any CPU
		{86FB30B9-5E78-49CA-A022-23E7D5D3198C}.Debug|Any CPU.Build.0 = Debug|Any CPU
		{86FB30B9-5E78-49CA-A022-23E7D5D3198C}.Debug|x64.ActiveCfg = Debug|x64
		{86FB30B9-5E78-49CA-A022-23E7D5D3198C}.Debug|x64.Build.0 = Debug|x64
		{86FB30B9-5E78-49CA-A022-23E7D5D3198C}.Debug|x86.ActiveCfg = Debug|x86
		{86FB30B9-5E78-49CA-A022-23E7D5D3198C}.Debug|x86.Build.0 = Debug|x86
		{86FB30B9-5E78-49CA-A022-23E7D5D3198C}.Release|Any CPU.ActiveCfg = Release|Any CPU
		{86FB30B9-5E78-49CA-A022-23E7D5D3198C}.Release|Any CPU.Build.0 = Release|Any CPU
		{86FB30B9-5E78-49CA-A022-23E7D5D3198C}.Release|x64.ActiveCfg = Release|x64
		{86FB30B9-5E78-49CA-A022-23E7D5D3198C}.Release|x64.Build.0 = Release|x64
		{86FB30B9-5E78-49CA-A022-23E7D5D3198C}.Release|x86.ActiveCfg = Release|x86
		{86FB30B9-5E78-49CA-A022-23E7D5D3198C}.Release|x86.Build.0 = Release|x86
		{1A2AB85F-15C3-4134-8C0A-DE3E3B8A25E9}.Debug|Any CPU.ActiveCfg = Debug|Any CPU
		{1A2AB85F-15C3-4134-8C0A-DE3E3B8A25E9}.Debug|Any CPU.Build.0 = Debug|Any CPU
		{1A2AB85F-15C3-4134-8C0A-DE3E3B8A25E9}.Debug|x64.ActiveCfg = Debug|x64
		{1A2AB85F-15C3-4134-8C0A-DE3E3B8A25E9}.Debug|x64.Build.0 = Debug|x64
		{1A2AB85F-15C3-4134-8C0A-DE3E3B8A25E9}.Debug|x86.ActiveCfg = Debug|x86
		{1A2AB85F-15C3-4134-8C0A-DE3E3B8A25E9}.Debug|x86.Build.0 = Debug|x86
		{1A2AB85F-15C3-4134-8C0A-DE3E3B8A25E9}.Release|Any CPU.ActiveCfg = Release|Any CPU
		{1A2AB85F-15C3-4134-8C0A-DE3E3B8A25E9}.Release|Any CPU.Build.0 = Release|Any CPU
		{1A2AB85F-15C3-4134-8C0A-DE3E3B8A25E9}.Release|x64.ActiveCfg = Release|x64
		{1A2AB85F-15C3-4134-8C0A-DE3E3B8A25E9}.Release|x64.Build.0 = Release|x64
		{1A2AB85F-15C3-4134-8C0A-DE3E3B8A25E9}.Release|x86.ActiveCfg = Release|x86
		{1A2AB85F-15C3-4134-8C0A-DE3E3B8A25E9}.Release|x86.Build.0 = Release|x86
		{76FDD063-E8B7-4906-974C-A4D29330FDB5}.Debug|Any CPU.ActiveCfg = Debug|Any CPU
		{76FDD063-E8B7-4906-974C-A4D29330FDB5}.Debug|Any CPU.Build.0 = Debug|Any CPU
		{76FDD063-E8B7-4906-974C-A4D29330FDB5}.Debug|x64.ActiveCfg = Debug|x64
		{76FDD063-E8B7-4906-974C-A4D29330FDB5}.Debug|x64.Build.0 = Debug|x64
		{76FDD063-E8B7-4906-974C-A4D29330FDB5}.Debug|x86.ActiveCfg = Debug|x86
		{76FDD063-E8B7-4906-974C-A4D29330FDB5}.Debug|x86.Build.0 = Debug|x86
		{76FDD063-E8B7-4906-974C-A4D29330FDB5}.Release|Any CPU.ActiveCfg = Release|Any CPU
		{76FDD063-E8B7-4906-974C-A4D29330FDB5}.Release|Any CPU.Build.0 = Release|Any CPU
		{76FDD063-E8B7-4906-974C-A4D29330FDB5}.Release|x64.ActiveCfg = Release|x64
		{76FDD063-E8B7-4906-974C-A4D29330FDB5}.Release|x64.Build.0 = Release|x64
		{76FDD063-E8B7-4906-974C-A4D29330FDB5}.Release|x86.ActiveCfg = Release|x86
		{76FDD063-E8B7-4906-974C-A4D29330FDB5}.Release|x86.Build.0 = Release|x86
		{86D140E8-E83D-4FFB-9901-0281CE1A58A3}.Debug|Any CPU.ActiveCfg = Debug|Any CPU
		{86D140E8-E83D-4FFB-9901-0281CE1A58A3}.Debug|Any CPU.Build.0 = Debug|Any CPU
		{86D140E8-E83D-4FFB-9901-0281CE1A58A3}.Debug|x64.ActiveCfg = Debug|x64
		{86D140E8-E83D-4FFB-9901-0281CE1A58A3}.Debug|x64.Build.0 = Debug|x64
		{86D140E8-E83D-4FFB-9901-0281CE1A58A3}.Debug|x86.ActiveCfg = Debug|x86
		{86D140E8-E83D-4FFB-9901-0281CE1A58A3}.Debug|x86.Build.0 = Debug|x86
		{86D140E8-E83D-4FFB-9901-0281CE1A58A3}.Release|Any CPU.ActiveCfg = Release|Any CPU
		{86D140E8-E83D-4FFB-9901-0281CE1A58A3}.Release|Any CPU.Build.0 = Release|Any CPU
		{86D140E8-E83D-4FFB-9901-0281CE1A58A3}.Release|x64.ActiveCfg = Release|x64
		{86D140E8-E83D-4FFB-9901-0281CE1A58A3}.Release|x64.Build.0 = Release|x64
		{86D140E8-E83D-4FFB-9901-0281CE1A58A3}.Release|x86.ActiveCfg = Release|x86
		{86D140E8-E83D-4FFB-9901-0281CE1A58A3}.Release|x86.Build.0 = Release|x86
		{EF06DDBC-5154-4492-8210-71AC8797BCA1}.Debug|Any CPU.ActiveCfg = Debug|Any CPU
		{EF06DDBC-5154-4492-8210-71AC8797BCA1}.Debug|Any CPU.Build.0 = Debug|Any CPU
		{EF06DDBC-5154-4492-8210-71AC8797BCA1}.Debug|x64.ActiveCfg = Debug|x64
		{EF06DDBC-5154-4492-8210-71AC8797BCA1}.Debug|x64.Build.0 = Debug|x64
		{EF06DDBC-5154-4492-8210-71AC8797BCA1}.Debug|x86.ActiveCfg = Debug|x86
		{EF06DDBC-5154-4492-8210-71AC8797BCA1}.Debug|x86.Build.0 = Debug|x86
		{EF06DDBC-5154-4492-8210-71AC8797BCA1}.Release|Any CPU.ActiveCfg = Release|Any CPU
		{EF06DDBC-5154-4492-8210-71AC8797BCA1}.Release|Any CPU.Build.0 = Release|Any CPU
		{EF06DDBC-5154-4492-8210-71AC8797BCA1}.Release|x64.ActiveCfg = Release|x64
		{EF06DDBC-5154-4492-8210-71AC8797BCA1}.Release|x64.Build.0 = Release|x64
		{EF06DDBC-5154-4492-8210-71AC8797BCA1}.Release|x86.ActiveCfg = Release|x86
		{EF06DDBC-5154-4492-8210-71AC8797BCA1}.Release|x86.Build.0 = Release|x86
		{921B39FE-945A-4BEC-A2B0-1949F3AB4A1B}.Debug|Any CPU.ActiveCfg = Debug|Any CPU
		{921B39FE-945A-4BEC-A2B0-1949F3AB4A1B}.Debug|Any CPU.Build.0 = Debug|Any CPU
		{921B39FE-945A-4BEC-A2B0-1949F3AB4A1B}.Debug|x64.ActiveCfg = Debug|Any CPU
		{921B39FE-945A-4BEC-A2B0-1949F3AB4A1B}.Debug|x64.Build.0 = Debug|Any CPU
		{921B39FE-945A-4BEC-A2B0-1949F3AB4A1B}.Debug|x86.ActiveCfg = Debug|Any CPU
		{921B39FE-945A-4BEC-A2B0-1949F3AB4A1B}.Debug|x86.Build.0 = Debug|Any CPU
		{921B39FE-945A-4BEC-A2B0-1949F3AB4A1B}.Release|Any CPU.ActiveCfg = Release|Any CPU
		{921B39FE-945A-4BEC-A2B0-1949F3AB4A1B}.Release|Any CPU.Build.0 = Release|Any CPU
		{921B39FE-945A-4BEC-A2B0-1949F3AB4A1B}.Release|x64.ActiveCfg = Release|Any CPU
		{921B39FE-945A-4BEC-A2B0-1949F3AB4A1B}.Release|x64.Build.0 = Release|Any CPU
		{921B39FE-945A-4BEC-A2B0-1949F3AB4A1B}.Release|x86.ActiveCfg = Release|Any CPU
		{921B39FE-945A-4BEC-A2B0-1949F3AB4A1B}.Release|x86.Build.0 = Release|Any CPU
		{82145C79-4D73-4D4D-B10C-8859ACD969E9}.Debug|Any CPU.ActiveCfg = Debug|Any CPU
		{82145C79-4D73-4D4D-B10C-8859ACD969E9}.Debug|Any CPU.Build.0 = Debug|Any CPU
		{82145C79-4D73-4D4D-B10C-8859ACD969E9}.Debug|x64.ActiveCfg = Debug|Any CPU
		{82145C79-4D73-4D4D-B10C-8859ACD969E9}.Debug|x64.Build.0 = Debug|Any CPU
		{82145C79-4D73-4D4D-B10C-8859ACD969E9}.Debug|x86.ActiveCfg = Debug|Any CPU
		{82145C79-4D73-4D4D-B10C-8859ACD969E9}.Debug|x86.Build.0 = Debug|Any CPU
		{82145C79-4D73-4D4D-B10C-8859ACD969E9}.Release|Any CPU.ActiveCfg = Release|Any CPU
		{82145C79-4D73-4D4D-B10C-8859ACD969E9}.Release|Any CPU.Build.0 = Release|Any CPU
		{82145C79-4D73-4D4D-B10C-8859ACD969E9}.Release|x64.ActiveCfg = Release|Any CPU
		{82145C79-4D73-4D4D-B10C-8859ACD969E9}.Release|x64.Build.0 = Release|Any CPU
		{82145C79-4D73-4D4D-B10C-8859ACD969E9}.Release|x86.ActiveCfg = Release|Any CPU
		{82145C79-4D73-4D4D-B10C-8859ACD969E9}.Release|x86.Build.0 = Release|Any CPU
	EndGlobalSection
EndGlobal
